// !$*UTF8*$!
{
	archiveVersion = 1;
	classes = {
	};
	objectVersion = 50;
	objects = {

/* Begin PBXBuildFile section */
		D7E9758ACFC7459FBB6BCC5D /* libPods-BBPictureBrowser.a in Frameworks */ = {isa = PBXBuildFile; fileRef = 3C52C604841A2428911EC926 /* libPods-BBPictureBrowser.a */; };
		DCC2DD90268DA9800004A262 /* BBPictureBrowser.m in Sources */ = {isa = PBXBuildFile; fileRef = DCC2DD8E268DA9800004A262 /* BBPictureBrowser.m */; };
		DCC7E137268D974D00CB995B /* AppDelegate.m in Sources */ = {isa = PBXBuildFile; fileRef = DCC7E136268D974D00CB995B /* AppDelegate.m */; };
		DCC7E142268D974E00CB995B /* Assets.xcassets in Resources */ = {isa = PBXBuildFile; fileRef = DCC7E141268D974E00CB995B /* Assets.xcassets */; };
		DCC7E145268D974E00CB995B /* LaunchScreen.storyboard in Resources */ = {isa = PBXBuildFile; fileRef = DCC7E143268D974E00CB995B /* LaunchScreen.storyboard */; };
		DCC7E148268D974E00CB995B /* main.m in Sources */ = {isa = PBXBuildFile; fileRef = DCC7E147268D974E00CB995B /* main.m */; };
		DCC7E151268D979B00CB995B /* TestViewController.m in Sources */ = {isa = PBXBuildFile; fileRef = DCC7E14F268D979B00CB995B /* TestViewController.m */; };
		DCC7E152268D979B00CB995B /* TestViewController.xib in Resources */ = {isa = PBXBuildFile; fileRef = DCC7E150268D979B00CB995B /* TestViewController.xib */; };
/* End PBXBuildFile section */

/* Begin PBXFileReference section */
		378F7E183B37D3461EE073D1 /* Pods-BBPictureBrowser.debug.xcconfig */ = {isa = PBXFileReference; includeInIndex = 1; lastKnownFileType = text.xcconfig; name = "Pods-BBPictureBrowser.debug.xcconfig"; path = "Target Support Files/Pods-BBPictureBrowser/Pods-BBPictureBrowser.debug.xcconfig"; sourceTree = "<group>"; };
		3C52C604841A2428911EC926 /* libPods-BBPictureBrowser.a */ = {isa = PBXFileReference; explicitFileType = archive.ar; includeInIndex = 0; path = "libPods-BBPictureBrowser.a"; sourceTree = BUILT_PRODUCTS_DIR; };
		89E5404E4C2D980E2022F5F6 /* Pods-BBPictureBrowser.release.xcconfig */ = {isa = PBXFileReference; includeInIndex = 1; lastKnownFileType = text.xcconfig; name = "Pods-BBPictureBrowser.release.xcconfig"; path = "Target Support Files/Pods-BBPictureBrowser/Pods-BBPictureBrowser.release.xcconfig"; sourceTree = "<group>"; };
		DCC2DD8E268DA9800004A262 /* BBPictureBrowser.m */ = {isa = PBXFileReference; fileEncoding = 4; lastKnownFileType = sourcecode.c.objc; path = BBPictureBrowser.m; sourceTree = "<group>"; };
		DCC2DD8F268DA9800004A262 /* BBPictureBrowser.h */ = {isa = PBXFileReference; fileEncoding = 4; lastKnownFileType = sourcecode.c.h; path = BBPictureBrowser.h; sourceTree = "<group>"; };
		DCC7E132268D974D00CB995B /* BBPictureBrowser.app */ = {isa = PBXFileReference; explicitFileType = wrapper.application; includeInIndex = 0; path = BBPictureBrowser.app; sourceTree = BUILT_PRODUCTS_DIR; };
		DCC7E135268D974D00CB995B /* AppDelegate.h */ = {isa = PBXFileReference; lastKnownFileType = sourcecode.c.h; path = AppDelegate.h; sourceTree = "<group>"; };
		DCC7E136268D974D00CB995B /* AppDelegate.m */ = {isa = PBXFileReference; lastKnownFileType = sourcecode.c.objc; path = AppDelegate.m; sourceTree = "<group>"; };
		DCC7E141268D974E00CB995B /* Assets.xcassets */ = {isa = PBXFileReference; lastKnownFileType = folder.assetcatalog; path = Assets.xcassets; sourceTree = "<group>"; };
		DCC7E144268D974E00CB995B /* Base */ = {isa = PBXFileReference; lastKnownFileType = file.storyboard; name = Base; path = Base.lproj/LaunchScreen.storyboard; sourceTree = "<group>"; };
		DCC7E146268D974E00CB995B /* Info.plist */ = {isa = PBXFileReference; lastKnownFileType = text.plist.xml; path = Info.plist; sourceTree = "<group>"; };
		DCC7E147268D974E00CB995B /* main.m */ = {isa = PBXFileReference; lastKnownFileType = sourcecode.c.objc; path = main.m; sourceTree = "<group>"; };
		DCC7E14E268D979B00CB995B /* TestViewController.h */ = {isa = PBXFileReference; lastKnownFileType = sourcecode.c.h; path = TestViewController.h; sourceTree = "<group>"; };
		DCC7E14F268D979B00CB995B /* TestViewController.m */ = {isa = PBXFileReference; lastKnownFileType = sourcecode.c.objc; path = TestViewController.m; sourceTree = "<group>"; };
		DCC7E150268D979B00CB995B /* TestViewController.xib */ = {isa = PBXFileReference; lastKnownFileType = file.xib; path = TestViewController.xib; sourceTree = "<group>"; };
/* End PBXFileReference section */

/* Begin PBXFrameworksBuildPhase section */
		DCC7E12F268D974D00CB995B /* Frameworks */ = {
			isa = PBXFrameworksBuildPhase;
			buildActionMask = 2147483647;
			files = (
				D7E9758ACFC7459FBB6BCC5D /* libPods-BBPictureBrowser.a in Frameworks */,
			);
			runOnlyForDeploymentPostprocessing = 0;
		};
/* End PBXFrameworksBuildPhase section */

/* Begin PBXGroup section */
		A6F47BFFD54FA94B15BEA479 /* Frameworks */ = {
			isa = PBXGroup;
			children = (
				3C52C604841A2428911EC926 /* libPods-BBPictureBrowser.a */,
			);
			name = Frameworks;
			sourceTree = "<group>";
		};
		C2B52D3F71A7B2BCE949ED99 /* Pods */ = {
			isa = PBXGroup;
			children = (
				378F7E183B37D3461EE073D1 /* Pods-BBPictureBrowser.debug.xcconfig */,
				89E5404E4C2D980E2022F5F6 /* Pods-BBPictureBrowser.release.xcconfig */,
			);
			path = Pods;
			sourceTree = "<group>";
		};
		DCC2DD8D268DA9710004A262 /* BBPictureBrowser */ = {
			isa = PBXGroup;
			children = (
				DCC2DD8F268DA9800004A262 /* BBPictureBrowser.h */,
				DCC2DD8E268DA9800004A262 /* BBPictureBrowser.m */,
			);
			path = BBPictureBrowser;
			sourceTree = "<group>";
		};
		DCC7E129268D974D00CB995B = {
			isa = PBXGroup;
			children = (
				DCC7E134268D974D00CB995B /* BBPictureBrowser */,
				DCC7E133268D974D00CB995B /* Products */,
				C2B52D3F71A7B2BCE949ED99 /* Pods */,
				A6F47BFFD54FA94B15BEA479 /* Frameworks */,
			);
			sourceTree = "<group>";
		};
		DCC7E133268D974D00CB995B /* Products */ = {
			isa = PBXGroup;
			children = (
				DCC7E132268D974D00CB995B /* BBPictureBrowser.app */,
			);
			name = Products;
			sourceTree = "<group>";
		};
		DCC7E134268D974D00CB995B /* BBPictureBrowser */ = {
			isa = PBXGroup;
			children = (
				DCC2DD8D268DA9710004A262 /* BBPictureBrowser */,
				DCC7E135268D974D00CB995B /* AppDelegate.h */,
				DCC7E136268D974D00CB995B /* AppDelegate.m */,
				DCC7E14E268D979B00CB995B /* TestViewController.h */,
				DCC7E14F268D979B00CB995B /* TestViewController.m */,
				DCC7E150268D979B00CB995B /* TestViewController.xib */,
				DCC7E141268D974E00CB995B /* Assets.xcassets */,
				DCC7E143268D974E00CB995B /* LaunchScreen.storyboard */,
				DCC7E146268D974E00CB995B /* Info.plist */,
				DCC7E147268D974E00CB995B /* main.m */,
			);
			path = BBPictureBrowser;
			sourceTree = "<group>";
		};
/* End PBXGroup section */

/* Begin PBXNativeTarget section */
		DCC7E131268D974D00CB995B /* BBPictureBrowser */ = {
			isa = PBXNativeTarget;
			buildConfigurationList = DCC7E14B268D974E00CB995B /* Build configuration list for PBXNativeTarget "BBPictureBrowser" */;
			buildPhases = (
				6ACF8021796E0F2B91A27D91 /* [CP] Check Pods Manifest.lock */,
				DCC7E12E268D974D00CB995B /* Sources */,
				DCC7E12F268D974D00CB995B /* Frameworks */,
				DCC7E130268D974D00CB995B /* Resources */,
			);
			buildRules = (
			);
			dependencies = (
			);
			name = BBPictureBrowser;
			productName = BBPictureBrowser;
			productReference = DCC7E132268D974D00CB995B /* BBPictureBrowser.app */;
			productType = "com.apple.product-type.application";
		};
/* End PBXNativeTarget section */

/* Begin PBXProject section */
		DCC7E12A268D974D00CB995B /* Project object */ = {
			isa = PBXProject;
			attributes = {
				LastUpgradeCheck = 1250;
				TargetAttributes = {
					DCC7E131268D974D00CB995B = {
						CreatedOnToolsVersion = 12.5.1;
					};
				};
			};
			buildConfigurationList = DCC7E12D268D974D00CB995B /* Build configuration list for PBXProject "BBPictureBrowser" */;
			compatibilityVersion = "Xcode 9.3";
			developmentRegion = en;
			hasScannedForEncodings = 0;
			knownRegions = (
				en,
				Base,
			);
			mainGroup = DCC7E129268D974D00CB995B;
			productRefGroup = DCC7E133268D974D00CB995B /* Products */;
			projectDirPath = "";
			projectRoot = "";
			targets = (
				DCC7E131268D974D00CB995B /* BBPictureBrowser */,
			);
		};
/* End PBXProject section */

/* Begin PBXResourcesBuildPhase section */
		DCC7E130268D974D00CB995B /* Resources */ = {
			isa = PBXResourcesBuildPhase;
			buildActionMask = 2147483647;
			files = (
				DCC7E145268D974E00CB995B /* LaunchScreen.storyboard in Resources */,
				DCC7E152268D979B00CB995B /* TestViewController.xib in Resources */,
				DCC7E142268D974E00CB995B /* Assets.xcassets in Resources */,
			);
			runOnlyForDeploymentPostprocessing = 0;
		};
/* End PBXResourcesBuildPhase section */

/* Begin PBXShellScriptBuildPhase section */
		6ACF8021796E0F2B91A27D91 /* [CP] Check Pods Manifest.lock */ = {
			isa = PBXShellScriptBuildPhase;
			buildActionMask = 2147483647;
			files = (
			);
			inputFileListPaths = (
			);
			inputPaths = (
				"${PODS_PODFILE_DIR_PATH}/Podfile.lock",
				"${PODS_ROOT}/Manifest.lock",
			);
			name = "[CP] Check Pods Manifest.lock";
			outputFileListPaths = (
			);
			outputPaths = (
				"$(DERIVED_FILE_DIR)/Pods-BBPictureBrowser-checkManifestLockResult.txt",
			);
			runOnlyForDeploymentPostprocessing = 0;
			shellPath = /bin/sh;
			shellScript = "diff \"${PODS_PODFILE_DIR_PATH}/Podfile.lock\" \"${PODS_ROOT}/Manifest.lock\" > /dev/null\nif [ $? != 0 ] ; then\n    # print error to STDERR\n    echo \"error: The sandbox is not in sync with the Podfile.lock. Run 'pod install' or update your CocoaPods installation.\" >&2\n    exit 1\nfi\n# This output is used by Xcode 'outputs' to avoid re-running this script phase.\necho \"SUCCESS\" > \"${SCRIPT_OUTPUT_FILE_0}\"\n";
			showEnvVarsInLog = 0;
		};
/* End PBXShellScriptBuildPhase section */

/* Begin PBXSourcesBuildPhase section */
		DCC7E12E268D974D00CB995B /* Sources */ = {
			isa = PBXSourcesBuildPhase;
			buildActionMask = 2147483647;
			files = (
				DCC7E151268D979B00CB995B /* TestViewController.m in Sources */,
				DCC2DD90268DA9800004A262 /* BBPictureBrowser.m in Sources */,
				DCC7E137268D974D00CB995B /* AppDelegate.m in Sources */,
				DCC7E148268D974E00CB995B /* main.m in Sources */,
			);
			runOnlyForDeploymentPostprocessing = 0;
		};
/* End PBXSourcesBuildPhase section */

/* Begin PBXVariantGroup section */
		DCC7E143268D974E00CB995B /* LaunchScreen.storyboard */ = {
			isa = PBXVariantGroup;
			children = (
				DCC7E144268D974E00CB995B /* Base */,
			);
			name = LaunchScreen.storyboard;
			sourceTree = "<group>";
		};
/* End PBXVariantGroup section */

/* Begin XCBuildConfiguration section */
		DCC7E149268D974E00CB995B /* Debug */ = {
			isa = XCBuildConfiguration;
			buildSettings = {
				ALWAYS_SEARCH_USER_PATHS = NO;
				CLANG_ANALYZER_NONNULL = YES;
				CLANG_ANALYZER_NUMBER_OBJECT_CONVERSION = YES_AGGRESSIVE;
				CLANG_CXX_LANGUAGE_STANDARD = "gnu++14";
				CLANG_CXX_LIBRARY = "libc++";
				CLANG_ENABLE_MODULES = YES;
				CLANG_ENABLE_OBJC_ARC = YES;
				CLANG_ENABLE_OBJC_WEAK = YES;
				CLANG_WARN_BLOCK_CAPTURE_AUTORELEASING = YES;
				CLANG_WARN_BOOL_CONVERSION = YES;
				CLANG_WARN_COMMA = YES;
				CLANG_WARN_CONSTANT_CONVERSION = YES;
				CLANG_WARN_DEPRECATED_OBJC_IMPLEMENTATIONS = YES;
				CLANG_WARN_DIRECT_OBJC_ISA_USAGE = YES_ERROR;
				CLANG_WARN_DOCUMENTATION_COMMENTS = YES;
				CLANG_WARN_EMPTY_BODY = YES;
				CLANG_WARN_ENUM_CONVERSION = YES;
				CLANG_WARN_INFINITE_RECURSION = YES;
				CLANG_WARN_INT_CONVERSION = YES;
				CLANG_WARN_NON_LITERAL_NULL_CONVERSION = YES;
				CLANG_WARN_OBJC_IMPLICIT_RETAIN_SELF = YES;
				CLANG_WARN_OBJC_LITERAL_CONVERSION = YES;
				CLANG_WARN_OBJC_ROOT_CLASS = YES_ERROR;
				CLANG_WARN_QUOTED_INCLUDE_IN_FRAMEWORK_HEADER = YES;
				CLANG_WARN_RANGE_LOOP_ANALYSIS = YES;
				CLANG_WARN_STRICT_PROTOTYPES = YES;
				CLANG_WARN_SUSPICIOUS_MOVE = YES;
				CLANG_WARN_UNGUARDED_AVAILABILITY = YES_AGGRESSIVE;
				CLANG_WARN_UNREACHABLE_CODE = YES;
				CLANG_WARN__DUPLICATE_METHOD_MATCH = YES;
				COPY_PHASE_STRIP = NO;
				DEBUG_INFORMATION_FORMAT = dwarf;
				ENABLE_STRICT_OBJC_MSGSEND = YES;
				ENABLE_TESTABILITY = YES;
				GCC_C_LANGUAGE_STANDARD = gnu11;
				GCC_DYNAMIC_NO_PIC = NO;
				GCC_NO_COMMON_BLOCKS = YES;
				GCC_OPTIMIZATION_LEVEL = 0;
				GCC_PREPROCESSOR_DEFINITIONS = (
					"DEBUG=1",
					"$(inherited)",
				);
				GCC_WARN_64_TO_32_BIT_CONVERSION = YES;
				GCC_WARN_ABOUT_RETURN_TYPE = YES_ERROR;
				GCC_WARN_UNDECLARED_SELECTOR = YES;
				GCC_WARN_UNINITIALIZED_AUTOS = YES_AGGRESSIVE;
				GCC_WARN_UNUSED_FUNCTION = YES;
				GCC_WARN_UNUSED_VARIABLE = YES;
				IPHONEOS_DEPLOYMENT_TARGET = 11.0;
				MTL_ENABLE_DEBUG_INFO = INCLUDE_SOURCE;
				MTL_FAST_MATH = YES;
				ONLY_ACTIVE_ARCH = YES;
				SDKROOT = iphoneos;
			};
			name = Debug;
		};
		DCC7E14A268D974E00CB995B /* Release */ = {
			isa = XCBuildConfiguration;
			buildSettings = {
				ALWAYS_SEARCH_USER_PATHS = NO;
				CLANG_ANALYZER_NONNULL = YES;
				CLANG_ANALYZER_NUMBER_OBJECT_CONVERSION = YES_AGGRESSIVE;
				CLANG_CXX_LANGUAGE_STANDARD = "gnu++14";
				CLANG_CXX_LIBRARY = "libc++";
				CLANG_ENABLE_MODULES = YES;
				CLANG_ENABLE_OBJC_ARC = YES;
				CLANG_ENABLE_OBJC_WEAK = YES;
				CLANG_WARN_BLOCK_CAPTURE_AUTORELEASING = YES;
				CLANG_WARN_BOOL_CONVERSION = YES;
				CLANG_WARN_COMMA = YES;
				CLANG_WARN_CONSTANT_CONVERSION = YES;
				CLANG_WARN_DEPRECATED_OBJC_IMPLEMENTATIONS = YES;
				CLANG_WARN_DIRECT_OBJC_ISA_USAGE = YES_ERROR;
				CLANG_WARN_DOCUMENTATION_COMMENTS = YES;
				CLANG_WARN_EMPTY_BODY = YES;
				CLANG_WARN_ENUM_CONVERSION = YES;
				CLANG_WARN_INFINITE_RECURSION = YES;
				CLANG_WARN_INT_CONVERSION = YES;
				CLANG_WARN_NON_LITERAL_NULL_CONVERSION = YES;
				CLANG_WARN_OBJC_IMPLICIT_RETAIN_SELF = YES;
				CLANG_WARN_OBJC_LITERAL_CONVERSION = YES;
				CLANG_WARN_OBJC_ROOT_CLASS = YES_ERROR;
				CLANG_WARN_QUOTED_INCLUDE_IN_FRAMEWORK_HEADER = YES;
				CLANG_WARN_RANGE_LOOP_ANALYSIS = YES;
				CLANG_WARN_STRICT_PROTOTYPES = YES;
				CLANG_WARN_SUSPICIOUS_MOVE = YES;
				CLANG_WARN_UNGUARDED_AVAILABILITY = YES_AGGRESSIVE;
				CLANG_WARN_UNREACHABLE_CODE = YES;
				CLANG_WARN__DUPLICATE_METHOD_MATCH = YES;
				COPY_PHASE_STRIP = NO;
				DEBUG_INFORMATION_FORMAT = "dwarf-with-dsym";
				ENABLE_NS_ASSERTIONS = NO;
				ENABLE_STRICT_OBJC_MSGSEND = YES;
				GCC_C_LANGUAGE_STANDARD = gnu11;
				GCC_NO_COMMON_BLOCKS = YES;
				GCC_WARN_64_TO_32_BIT_CONVERSION = YES;
				GCC_WARN_ABOUT_RETURN_TYPE = YES_ERROR;
				GCC_WARN_UNDECLARED_SELECTOR = YES;
				GCC_WARN_UNINITIALIZED_AUTOS = YES_AGGRESSIVE;
				GCC_WARN_UNUSED_FUNCTION = YES;
				GCC_WARN_UNUSED_VARIABLE = YES;
				IPHONEOS_DEPLOYMENT_TARGET = 11.0;
				MTL_ENABLE_DEBUG_INFO = NO;
				MTL_FAST_MATH = YES;
				SDKROOT = iphoneos;
				VALIDATE_PRODUCT = YES;
			};
			name = Release;
		};
		DCC7E14C268D974E00CB995B /* Debug */ = {
			isa = XCBuildConfiguration;
			baseConfigurationReference = 378F7E183B37D3461EE073D1 /* Pods-BBPictureBrowser.debug.xcconfig */;
			buildSettings = {
				ASSETCATALOG_COMPILER_APPICON_NAME = AppIcon;
				ASSETCATALOG_COMPILER_GLOBAL_ACCENT_COLOR_NAME = AccentColor;
				CODE_SIGN_STYLE = Automatic;
				DEVELOPMENT_TEAM = 3Z9M53XYF8;
				INFOPLIST_FILE = BBPictureBrowser/Info.plist;
				IPHONEOS_DEPLOYMENT_TARGET = 11.0;
				LD_RUNPATH_SEARCH_PATHS = (
					"$(inherited)",
					"@executable_path/Frameworks",
				);
				PRODUCT_BUNDLE_IDENTIFIER = com.beizhu.BBPictureBrowser;
				PRODUCT_NAME = "$(TARGET_NAME)";
				TARGETED_DEVICE_FAMILY = "1,2";
			};
			name = Debug;
		};
		DCC7E14D268D974E00CB995B /* Release */ = {
			isa = XCBuildConfiguration;
			baseConfigurationReference = 89E5404E4C2D980E2022F5F6 /* Pods-BBPictureBrowser.release.xcconfig */;
			buildSettings = {
				ASSETCATALOG_COMPILER_APPICON_NAME = AppIcon;
				ASSETCATALOG_COMPILER_GLOBAL_ACCENT_COLOR_NAME = AccentColor;
				CODE_SIGN_STYLE = Automatic;
				DEVELOPMENT_TEAM = 3Z9M53XYF8;
				INFOPLIST_FILE = BBPictureBrowser/Info.plist;
				IPHONEOS_DEPLOYMENT_TARGET = 11.0;
				LD_RUNPATH_SEARCH_PATHS = (
					"$(inherited)",
					"@executable_path/Frameworks",
				);
				PRODUCT_BUNDLE_IDENTIFIER = com.beizhu.BBPictureBrowser;
				PRODUCT_NAME = "$(TARGET_NAME)";
				TARGETED_DEVICE_FAMILY = "1,2";
			};
			name = Release;
		};
/* End XCBuildConfiguration section */

/* Begin XCConfigurationList section */
		DCC7E12D268D974D00CB995B /* Build configuration list for PBXProject "BBPictureBrowser" */ = {
			isa = XCConfigurationList;
			buildConfigurations = (
				DCC7E149268D974E00CB995B /* Debug */,
				DCC7E14A268D974E00CB995B /* Release */,
			);
			defaultConfigurationIsVisible = 0;
			defaultConfigurationName = Release;
		};
		DCC7E14B268D974E00CB995B /* Build configuration list for PBXNativeTarget "BBPictureBrowser" */ = {
			isa = XCConfigurationList;
			buildConfigurations = (
				DCC7E14C268D974E00CB995B /* Debug */,
				DCC7E14D268D974E00CB995B /* Release */,
			);
			defaultConfigurationIsVisible = 0;
			defaultConfigurationName = Release;
		};
/* End XCConfigurationList section */
	};
	rootObject = DCC7E12A268D974D00CB995B /* Project object */;
}
